
Microsoft Visual Studio Solution File, Format Version 12.00
# Visual Studio Version 17
VisualStudioVersion = 17.9.34701.34
MinimumVisualStudioVersion = 10.0.40219.1
Project("{FAE04EC0-301F-11D3-BF4B-00C04F79EFBC}") = "COMP003B.Assignment3", "COMP003B.Assignment3\COMP003B.Assignment3.csproj", "{98C9E953-5DE8-40DB-84F6-B887FCD6768D}"
EndProject
Global
	GlobalSection(SolutionConfigurationPlatforms) = preSolution
		Debug|Any CPU = Debug|Any CPU
		Release|Any CPU = Release|Any CPU
	EndGlobalSection
	GlobalSection(ProjectConfigurationPlatforms) = postSolution
		{98C9E953-5DE8-40DB-84F6-B887FCD6768D}.Debug|Any CPU.ActiveCfg = Debug|Any CPU
		{98C9E953-5DE8-40DB-84F6-B887FCD6768D}.Debug|Any CPU.Build.0 = Debug|Any CPU
		{98C9E953-5DE8-40DB-84F6-B887FCD6768D}.Release|Any CPU.ActiveCfg = Release|Any CPU
		{98C9E953-5DE8-40DB-84F6-B887FCD6768D}.Release|Any CPU.Build.0 = Release|Any CPU
	EndGlobalSection
	GlobalSection(SolutionProperties) = preSolution
		HideSolutionNode = FALSE
	EndGlobalSection
	GlobalSection(ExtensibilityGlobals) = postSolution
		SolutionGuid = {A489C5A5-5AB0-4734-B9FC-DE85983BD944}
	EndGlobalSection
EndGlobal
